
Microsoft Visual Studio Solution File, Format Version 12.00
# Visual Studio 15
VisualStudioVersion = 15.0.28010.2046
MinimumVisualStudioVersion = 10.0.40219.1
Project("{FAE04EC0-301F-11D3-BF4B-00C04F79EFBC}") = "MovieInfo.Api", "MovieInfo.Api\MovieInfo.Api.csproj", "{F475C97B-FEA3-4873-85E9-7EBB982BA766}"
EndProject
Project("{FAE04EC0-301F-11D3-BF4B-00C04F79EFBC}") = "MovieInfo.Core", "MovieInfo.Core\MovieInfo.Core.csproj", "{3DE3C2C7-69E0-495B-B36D-9BA8D9051113}"
EndProject
Project("{2150E333-8FDC-42A3-9474-1A3956D46DE8}") = "Web", "Web", "{E0D11375-3193-4854-82F2-D6D66C766024}"
EndProject
Project("{FAE04EC0-301F-11D3-BF4B-00C04F79EFBC}") = "MovieInfo.Web.Client", "MovieInfo.Web.Client\MovieInfo.Web.Client.csproj", "{59629E15-6218-45F9-828B-0ECC6E709899}"
EndProject
Global
	GlobalSection(SolutionConfigurationPlatforms) = preSolution
		Debug|Any CPU = Debug|Any CPU
		Release|Any CPU = Release|Any CPU
	EndGlobalSection
	GlobalSection(ProjectConfigurationPlatforms) = postSolution
		{F475C97B-FEA3-4873-85E9-7EBB982BA766}.Debug|Any CPU.ActiveCfg = Debug|Any CPU
		{F475C97B-FEA3-4873-85E9-7EBB982BA766}.Debug|Any CPU.Build.0 = Debug|Any CPU
		{F475C97B-FEA3-4873-85E9-7EBB982BA766}.Release|Any CPU.ActiveCfg = Release|Any CPU
		{F475C97B-FEA3-4873-85E9-7EBB982BA766}.Release|Any CPU.Build.0 = Release|Any CPU
		{3DE3C2C7-69E0-495B-B36D-9BA8D9051113}.Debug|Any CPU.ActiveCfg = Debug|Any CPU
		{3DE3C2C7-69E0-495B-B36D-9BA8D9051113}.Debug|Any CPU.Build.0 = Debug|Any CPU
		{3DE3C2C7-69E0-495B-B36D-9BA8D9051113}.Release|Any CPU.ActiveCfg = Release|Any CPU
		{3DE3C2C7-69E0-495B-B36D-9BA8D9051113}.Release|Any CPU.Build.0 = Release|Any CPU
		{59629E15-6218-45F9-828B-0ECC6E709899}.Debug|Any CPU.ActiveCfg = Debug|Any CPU
		{59629E15-6218-45F9-828B-0ECC6E709899}.Debug|Any CPU.Build.0 = Debug|Any CPU
		{59629E15-6218-45F9-828B-0ECC6E709899}.Release|Any CPU.ActiveCfg = Release|Any CPU
		{59629E15-6218-45F9-828B-0ECC6E709899}.Release|Any CPU.Build.0 = Release|Any CPU
	EndGlobalSection
	GlobalSection(SolutionProperties) = preSolution
		HideSolutionNode = FALSE
	EndGlobalSection
	GlobalSection(NestedProjects) = preSolution
		{F475C97B-FEA3-4873-85E9-7EBB982BA766} = {E0D11375-3193-4854-82F2-D6D66C766024}
		{59629E15-6218-45F9-828B-0ECC6E709899} = {E0D11375-3193-4854-82F2-D6D66C766024}
	EndGlobalSection
	GlobalSection(ExtensibilityGlobals) = postSolution
		SolutionGuid = {8F37D669-703D-4369-B9C7-117BBFEC85C8}
	EndGlobalSection
EndGlobal
